// !$*UTF8*$!
{
	archiveVersion = 1;
	classes = {
	};
	objectVersion = 56;
	objects = {

/* Begin PBXBuildFile section */
		94E6915A2CF8C84C008A0E1F /* AppDelegate.swift in Sources */ = {isa = PBXBuildFile; fileRef = 94E691592CF8C84C008A0E1F /* AppDelegate.swift */; };
		94E6915C2CF8C84C008A0E1F /* SceneDelegate.swift in Sources */ = {isa = PBXBuildFile; fileRef = 94E6915B2CF8C84C008A0E1F /* SceneDelegate.swift */; };
		94E691612CF8C84C008A0E1F /* Main.storyboard in Resources */ = {isa = PBXBuildFile; fileRef = 94E6915F2CF8C84C008A0E1F /* Main.storyboard */; };
		94E691642CF8C84C008A0E1F /* Task_Manager.xcdatamodeld in Sources */ = {isa = PBXBuildFile; fileRef = 94E691622CF8C84C008A0E1F /* Task_Manager.xcdatamodeld */; };
		94E691662CF8C84D008A0E1F /* Assets.xcassets in Resources */ = {isa = PBXBuildFile; fileRef = 94E691652CF8C84D008A0E1F /* Assets.xcassets */; };
		94E691692CF8C84D008A0E1F /* LaunchScreen.storyboard in Resources */ = {isa = PBXBuildFile; fileRef = 94E691672CF8C84D008A0E1F /* LaunchScreen.storyboard */; };
		94E691742CF8C84D008A0E1F /* Task_ManagerTests.swift in Sources */ = {isa = PBXBuildFile; fileRef = 94E691732CF8C84D008A0E1F /* Task_ManagerTests.swift */; };
		94E6917E2CF8C84D008A0E1F /* Task_ManagerUITests.swift in Sources */ = {isa = PBXBuildFile; fileRef = 94E6917D2CF8C84D008A0E1F /* Task_ManagerUITests.swift */; };
		94E691802CF8C84D008A0E1F /* Task_ManagerUITestsLaunchTests.swift in Sources */ = {isa = PBXBuildFile; fileRef = 94E6917F2CF8C84D008A0E1F /* Task_ManagerUITestsLaunchTests.swift */; };
		94E691932CF8D881008A0E1F /* LoginPage.swift in Sources */ = {isa = PBXBuildFile; fileRef = 94E691922CF8D881008A0E1F /* LoginPage.swift */; };
		94E691952CF8DAE0008A0E1F /* LoginViewModel.swift in Sources */ = {isa = PBXBuildFile; fileRef = 94E691942CF8DAE0008A0E1F /* LoginViewModel.swift */; };
		94E691982CF8DF0A008A0E1F /* GoogleSignIn in Frameworks */ = {isa = PBXBuildFile; productRef = 94E691972CF8DF0A008A0E1F /* GoogleSignIn */; };
		94E6919A2CF8DF0A008A0E1F /* GoogleSignInSwift in Frameworks */ = {isa = PBXBuildFile; productRef = 94E691992CF8DF0A008A0E1F /* GoogleSignInSwift */; };
		94E6919D2CF8E2C8008A0E1F /* TaskManagerPage.swift in Sources */ = {isa = PBXBuildFile; fileRef = 94E6919B2CF8E2C7008A0E1F /* TaskManagerPage.swift */; };
		94E6919E2CF8E2C8008A0E1F /* TaskManagerPage.xib in Resources */ = {isa = PBXBuildFile; fileRef = 94E6919C2CF8E2C8008A0E1F /* TaskManagerPage.xib */; };
		94E691A22CF8E31E008A0E1F /* TaskViewTableViewCell.swift in Sources */ = {isa = PBXBuildFile; fileRef = 94E691A02CF8E31E008A0E1F /* TaskViewTableViewCell.swift */; };
		94E691A32CF8E31E008A0E1F /* TaskViewTableViewCell.xib in Resources */ = {isa = PBXBuildFile; fileRef = 94E691A12CF8E31E008A0E1F /* TaskViewTableViewCell.xib */; };
		94F9BCFF2CFA2B3E00629E78 /* TaskModel.swift in Sources */ = {isa = PBXBuildFile; fileRef = 94F9BCFE2CFA2B3E00629E78 /* TaskModel.swift */; };
		94F9BD012CFA3B2300629E78 /* UserModel.swift in Sources */ = {isa = PBXBuildFile; fileRef = 94F9BD002CFA3B2300629E78 /* UserModel.swift */; };
		94F9BD042CFA456200629E78 /* Heplers.swift in Sources */ = {isa = PBXBuildFile; fileRef = 94F9BD032CFA456200629E78 /* Heplers.swift */; };
/* End PBXBuildFile section */

/* Begin PBXContainerItemProxy section */
		94E691702CF8C84D008A0E1F /* PBXContainerItemProxy */ = {
			isa = PBXContainerItemProxy;
			containerPortal = 94E6914E2CF8C84C008A0E1F /* Project object */;
			proxyType = 1;
			remoteGlobalIDString = 94E691552CF8C84C008A0E1F;
			remoteInfo = "Task Manager";
		};
		94E6917A2CF8C84D008A0E1F /* PBXContainerItemProxy */ = {
			isa = PBXContainerItemProxy;
			containerPortal = 94E6914E2CF8C84C008A0E1F /* Project object */;
			proxyType = 1;
			remoteGlobalIDString = 94E691552CF8C84C008A0E1F;
			remoteInfo = "Task Manager";
		};
/* End PBXContainerItemProxy section */

/* Begin PBXFileReference section */
		94E691562CF8C84C008A0E1F /* Task Manager.app */ = {isa = PBXFileReference; explicitFileType = wrapper.application; includeInIndex = 0; path = "Task Manager.app"; sourceTree = BUILT_PRODUCTS_DIR; };
		94E691592CF8C84C008A0E1F /* AppDelegate.swift */ = {isa = PBXFileReference; lastKnownFileType = sourcecode.swift; path = AppDelegate.swift; sourceTree = "<group>"; };
		94E6915B2CF8C84C008A0E1F /* SceneDelegate.swift */ = {isa = PBXFileReference; lastKnownFileType = sourcecode.swift; path = SceneDelegate.swift; sourceTree = "<group>"; };
		94E691602CF8C84C008A0E1F /* Base */ = {isa = PBXFileReference; lastKnownFileType = file.storyboard; name = Base; path = Base.lproj/Main.storyboard; sourceTree = "<group>"; };
		94E691632CF8C84C008A0E1F /* Task_Manager.xcdatamodel */ = {isa = PBXFileReference; lastKnownFileType = wrapper.xcdatamodel; path = Task_Manager.xcdatamodel; sourceTree = "<group>"; };
		94E691652CF8C84D008A0E1F /* Assets.xcassets */ = {isa = PBXFileReference; lastKnownFileType = folder.assetcatalog; path = Assets.xcassets; sourceTree = "<group>"; };
		94E691682CF8C84D008A0E1F /* Base */ = {isa = PBXFileReference; lastKnownFileType = file.storyboard; name = Base; path = Base.lproj/LaunchScreen.storyboard; sourceTree = "<group>"; };
		94E6916A2CF8C84D008A0E1F /* Info.plist */ = {isa = PBXFileReference; lastKnownFileType = text.plist.xml; path = Info.plist; sourceTree = "<group>"; };
		94E6916F2CF8C84D008A0E1F /* Task ManagerTests.xctest */ = {isa = PBXFileReference; explicitFileType = wrapper.cfbundle; includeInIndex = 0; path = "Task ManagerTests.xctest"; sourceTree = BUILT_PRODUCTS_DIR; };
		94E691732CF8C84D008A0E1F /* Task_ManagerTests.swift */ = {isa = PBXFileReference; lastKnownFileType = sourcecode.swift; path = Task_ManagerTests.swift; sourceTree = "<group>"; };
		94E691792CF8C84D008A0E1F /* Task ManagerUITests.xctest */ = {isa = PBXFileReference; explicitFileType = wrapper.cfbundle; includeInIndex = 0; path = "Task ManagerUITests.xctest"; sourceTree = BUILT_PRODUCTS_DIR; };
		94E6917D2CF8C84D008A0E1F /* Task_ManagerUITests.swift */ = {isa = PBXFileReference; lastKnownFileType = sourcecode.swift; path = Task_ManagerUITests.swift; sourceTree = "<group>"; };
		94E6917F2CF8C84D008A0E1F /* Task_ManagerUITestsLaunchTests.swift */ = {isa = PBXFileReference; lastKnownFileType = sourcecode.swift; path = Task_ManagerUITestsLaunchTests.swift; sourceTree = "<group>"; };
		94E691922CF8D881008A0E1F /* LoginPage.swift */ = {isa = PBXFileReference; lastKnownFileType = sourcecode.swift; path = LoginPage.swift; sourceTree = "<group>"; };
		94E691942CF8DAE0008A0E1F /* LoginViewModel.swift */ = {isa = PBXFileReference; lastKnownFileType = sourcecode.swift; path = LoginViewModel.swift; sourceTree = "<group>"; };
		94E6919B2CF8E2C7008A0E1F /* TaskManagerPage.swift */ = {isa = PBXFileReference; lastKnownFileType = sourcecode.swift; path = TaskManagerPage.swift; sourceTree = "<group>"; };
		94E6919C2CF8E2C8008A0E1F /* TaskManagerPage.xib */ = {isa = PBXFileReference; lastKnownFileType = file.xib; path = TaskManagerPage.xib; sourceTree = "<group>"; };
		94E691A02CF8E31E008A0E1F /* TaskViewTableViewCell.swift */ = {isa = PBXFileReference; lastKnownFileType = sourcecode.swift; path = TaskViewTableViewCell.swift; sourceTree = "<group>"; };
		94E691A12CF8E31E008A0E1F /* TaskViewTableViewCell.xib */ = {isa = PBXFileReference; lastKnownFileType = file.xib; path = TaskViewTableViewCell.xib; sourceTree = "<group>"; };
		94F9BCFE2CFA2B3E00629E78 /* TaskModel.swift */ = {isa = PBXFileReference; lastKnownFileType = sourcecode.swift; path = TaskModel.swift; sourceTree = "<group>"; };
		94F9BD002CFA3B2300629E78 /* UserModel.swift */ = {isa = PBXFileReference; lastKnownFileType = sourcecode.swift; path = UserModel.swift; sourceTree = "<group>"; };
		94F9BD032CFA456200629E78 /* Heplers.swift */ = {isa = PBXFileReference; lastKnownFileType = sourcecode.swift; path = Heplers.swift; sourceTree = "<group>"; };
/* End PBXFileReference section */

/* Begin PBXFrameworksBuildPhase section */
		94E691532CF8C84C008A0E1F /* Frameworks */ = {
			isa = PBXFrameworksBuildPhase;
			buildActionMask = 2147483647;
			files = (
				94E691982CF8DF0A008A0E1F /* GoogleSignIn in Frameworks */,
				94E6919A2CF8DF0A008A0E1F /* GoogleSignInSwift in Frameworks */,
			);
			runOnlyForDeploymentPostprocessing = 0;
		};
		94E6916C2CF8C84D008A0E1F /* Frameworks */ = {
			isa = PBXFrameworksBuildPhase;
			buildActionMask = 2147483647;
			files = (
			);
			runOnlyForDeploymentPostprocessing = 0;
		};
		94E691762CF8C84D008A0E1F /* Frameworks */ = {
			isa = PBXFrameworksBuildPhase;
			buildActionMask = 2147483647;
			files = (
			);
			runOnlyForDeploymentPostprocessing = 0;
		};
/* End PBXFrameworksBuildPhase section */

/* Begin PBXGroup section */
		94E6914D2CF8C84C008A0E1F = {
			isa = PBXGroup;
			children = (
				94E691582CF8C84C008A0E1F /* Task Manager */,
				94E691722CF8C84D008A0E1F /* Task ManagerTests */,
				94E6917C2CF8C84D008A0E1F /* Task ManagerUITests */,
				94E691572CF8C84C008A0E1F /* Products */,
			);
			sourceTree = "<group>";
		};
		94E691572CF8C84C008A0E1F /* Products */ = {
			isa = PBXGroup;
			children = (
				94E691562CF8C84C008A0E1F /* Task Manager.app */,
				94E6916F2CF8C84D008A0E1F /* Task ManagerTests.xctest */,
				94E691792CF8C84D008A0E1F /* Task ManagerUITests.xctest */,
			);
			name = Products;
			sourceTree = "<group>";
		};
		94E691582CF8C84C008A0E1F /* Task Manager */ = {
			isa = PBXGroup;
			children = (
				94E691912CF8D841008A0E1F /* SystemDelegate */,
				94E691902CF8D81E008A0E1F /* StoryBoard */,
				94E6918C2CF8D7EC008A0E1F /* Model */,
				94E6918D2CF8D7F9008A0E1F /* View */,
				94E6918E2CF8D805008A0E1F /* ViewModel */,
				94E6918F2CF8D80E008A0E1F /* Controller */,
				94F9BD022CFA454E00629E78 /* Helpers */,
				94E691652CF8C84D008A0E1F /* Assets.xcassets */,
				94E6916A2CF8C84D008A0E1F /* Info.plist */,
				94E691622CF8C84C008A0E1F /* Task_Manager.xcdatamodeld */,
			);
			path = "Task Manager";
			sourceTree = "<group>";
		};
		94E691722CF8C84D008A0E1F /* Task ManagerTests */ = {
			isa = PBXGroup;
			children = (
				94E691732CF8C84D008A0E1F /* Task_ManagerTests.swift */,
			);
			path = "Task ManagerTests";
			sourceTree = "<group>";
		};
		94E6917C2CF8C84D008A0E1F /* Task ManagerUITests */ = {
			isa = PBXGroup;
			children = (
				94E6917D2CF8C84D008A0E1F /* Task_ManagerUITests.swift */,
				94E6917F2CF8C84D008A0E1F /* Task_ManagerUITestsLaunchTests.swift */,
			);
			path = "Task ManagerUITests";
			sourceTree = "<group>";
		};
		94E6918C2CF8D7EC008A0E1F /* Model */ = {
			isa = PBXGroup;
			children = (
				94F9BCFE2CFA2B3E00629E78 /* TaskModel.swift */,
				94F9BD002CFA3B2300629E78 /* UserModel.swift */,
			);
			path = Model;
			sourceTree = "<group>";
		};
		94E6918D2CF8D7F9008A0E1F /* View */ = {
			isa = PBXGroup;
			children = (
				94E691A42CF8E323008A0E1F /* TaskView */,
			);
			path = View;
			sourceTree = "<group>";
		};
		94E6918E2CF8D805008A0E1F /* ViewModel */ = {
			isa = PBXGroup;
			children = (
				94E691942CF8DAE0008A0E1F /* LoginViewModel.swift */,
			);
			path = ViewModel;
			sourceTree = "<group>";
		};
		94E6918F2CF8D80E008A0E1F /* Controller */ = {
			isa = PBXGroup;
			children = (
				94E691922CF8D881008A0E1F /* LoginPage.swift */,
				94E6919F2CF8E2D3008A0E1F /* TaskManagerPage */,
			);
			path = Controller;
			sourceTree = "<group>";
		};
		94E691902CF8D81E008A0E1F /* StoryBoard */ = {
			isa = PBXGroup;
			children = (
				94E6915F2CF8C84C008A0E1F /* Main.storyboard */,
				94E691672CF8C84D008A0E1F /* LaunchScreen.storyboard */,
			);
			path = StoryBoard;
			sourceTree = "<group>";
		};
		94E691912CF8D841008A0E1F /* SystemDelegate */ = {
			isa = PBXGroup;
			children = (
				94E6915B2CF8C84C008A0E1F /* SceneDelegate.swift */,
				94E691592CF8C84C008A0E1F /* AppDelegate.swift */,
			);
			path = SystemDelegate;
			sourceTree = "<group>";
		};
		94E6919F2CF8E2D3008A0E1F /* TaskManagerPage */ = {
			isa = PBXGroup;
			children = (
				94E6919B2CF8E2C7008A0E1F /* TaskManagerPage.swift */,
				94E6919C2CF8E2C8008A0E1F /* TaskManagerPage.xib */,
			);
			path = TaskManagerPage;
			sourceTree = "<group>";
		};
		94E691A42CF8E323008A0E1F /* TaskView */ = {
			isa = PBXGroup;
			children = (
				94E691A02CF8E31E008A0E1F /* TaskViewTableViewCell.swift */,
				94E691A12CF8E31E008A0E1F /* TaskViewTableViewCell.xib */,
			);
			path = TaskView;
			sourceTree = "<group>";
		};
		94F9BD022CFA454E00629E78 /* Helpers */ = {
			isa = PBXGroup;
			children = (
				94F9BD032CFA456200629E78 /* Heplers.swift */,
			);
			path = Helpers;
			sourceTree = "<group>";
		};
/* End PBXGroup section */

/* Begin PBXNativeTarget section */
		94E691552CF8C84C008A0E1F /* Task Manager */ = {
			isa = PBXNativeTarget;
			buildConfigurationList = 94E691832CF8C84D008A0E1F /* Build configuration list for PBXNativeTarget "Task Manager" */;
			buildPhases = (
				94E691522CF8C84C008A0E1F /* Sources */,
				94E691532CF8C84C008A0E1F /* Frameworks */,
				94E691542CF8C84C008A0E1F /* Resources */,
			);
			buildRules = (
			);
			dependencies = (
			);
			name = "Task Manager";
			packageProductDependencies = (
				94E691972CF8DF0A008A0E1F /* GoogleSignIn */,
				94E691992CF8DF0A008A0E1F /* GoogleSignInSwift */,
			);
			productName = "Task Manager";
			productReference = 94E691562CF8C84C008A0E1F /* Task Manager.app */;
			productType = "com.apple.product-type.application";
		};
		94E6916E2CF8C84D008A0E1F /* Task ManagerTests */ = {
			isa = PBXNativeTarget;
			buildConfigurationList = 94E691862CF8C84D008A0E1F /* Build configuration list for PBXNativeTarget "Task ManagerTests" */;
			buildPhases = (
				94E6916B2CF8C84D008A0E1F /* Sources */,
				94E6916C2CF8C84D008A0E1F /* Frameworks */,
				94E6916D2CF8C84D008A0E1F /* Resources */,
			);
			buildRules = (
			);
			dependencies = (
				94E691712CF8C84D008A0E1F /* PBXTargetDependency */,
			);
			name = "Task ManagerTests";
			productName = "Task ManagerTests";
			productReference = 94E6916F2CF8C84D008A0E1F /* Task ManagerTests.xctest */;
			productType = "com.apple.product-type.bundle.unit-test";
		};
		94E691782CF8C84D008A0E1F /* Task ManagerUITests */ = {
			isa = PBXNativeTarget;
			buildConfigurationList = 94E691892CF8C84D008A0E1F /* Build configuration list for PBXNativeTarget "Task ManagerUITests" */;
			buildPhases = (
				94E691752CF8C84D008A0E1F /* Sources */,
				94E691762CF8C84D008A0E1F /* Frameworks */,
				94E691772CF8C84D008A0E1F /* Resources */,
			);
			buildRules = (
			);
			dependencies = (
				94E6917B2CF8C84D008A0E1F /* PBXTargetDependency */,
			);
			name = "Task ManagerUITests";
			productName = "Task ManagerUITests";
			productReference = 94E691792CF8C84D008A0E1F /* Task ManagerUITests.xctest */;
			productType = "com.apple.product-type.bundle.ui-testing";
		};
/* End PBXNativeTarget section */

/* Begin PBXProject section */
		94E6914E2CF8C84C008A0E1F /* Project object */ = {
			isa = PBXProject;
			attributes = {
				BuildIndependentTargetsInParallel = 1;
				LastSwiftUpdateCheck = 1500;
				LastUpgradeCheck = 1500;
				TargetAttributes = {
					94E691552CF8C84C008A0E1F = {
						CreatedOnToolsVersion = 15.0;
					};
					94E6916E2CF8C84D008A0E1F = {
						CreatedOnToolsVersion = 15.0;
						TestTargetID = 94E691552CF8C84C008A0E1F;
					};
					94E691782CF8C84D008A0E1F = {
						CreatedOnToolsVersion = 15.0;
						TestTargetID = 94E691552CF8C84C008A0E1F;
					};
				};
			};
			buildConfigurationList = 94E691512CF8C84C008A0E1F /* Build configuration list for PBXProject "Task Manager" */;
			compatibilityVersion = "Xcode 14.0";
			developmentRegion = en;
			hasScannedForEncodings = 0;
			knownRegions = (
				en,
				Base,
			);
			mainGroup = 94E6914D2CF8C84C008A0E1F;
			packageReferences = (
				94E691962CF8DF0A008A0E1F /* XCRemoteSwiftPackageReference "GoogleSignIn-iOS" */,
			);
			productRefGroup = 94E691572CF8C84C008A0E1F /* Products */;
			projectDirPath = "";
			projectRoot = "";
			targets = (
				94E691552CF8C84C008A0E1F /* Task Manager */,
				94E6916E2CF8C84D008A0E1F /* Task ManagerTests */,
				94E691782CF8C84D008A0E1F /* Task ManagerUITests */,
			);
		};
/* End PBXProject section */

/* Begin PBXResourcesBuildPhase section */
		94E691542CF8C84C008A0E1F /* Resources */ = {
			isa = PBXResourcesBuildPhase;
			buildActionMask = 2147483647;
			files = (
				94E6919E2CF8E2C8008A0E1F /* TaskManagerPage.xib in Resources */,
				94E691692CF8C84D008A0E1F /* LaunchScreen.storyboard in Resources */,
				94E691662CF8C84D008A0E1F /* Assets.xcassets in Resources */,
				94E691612CF8C84C008A0E1F /* Main.storyboard in Resources */,
				94E691A32CF8E31E008A0E1F /* TaskViewTableViewCell.xib in Resources */,
			);
			runOnlyForDeploymentPostprocessing = 0;
		};
		94E6916D2CF8C84D008A0E1F /* Resources */ = {
			isa = PBXResourcesBuildPhase;
			buildActionMask = 2147483647;
			files = (
			);
			runOnlyForDeploymentPostprocessing = 0;
		};
		94E691772CF8C84D008A0E1F /* Resources */ = {
			isa = PBXResourcesBuildPhase;
			buildActionMask = 2147483647;
			files = (
			);
			runOnlyForDeploymentPostprocessing = 0;
		};
/* End PBXResourcesBuildPhase section */

/* Begin PBXSourcesBuildPhase section */
		94E691522CF8C84C008A0E1F /* Sources */ = {
			isa = PBXSourcesBuildPhase;
			buildActionMask = 2147483647;
			files = (
				94E6915A2CF8C84C008A0E1F /* AppDelegate.swift in Sources */,
				94E691952CF8DAE0008A0E1F /* LoginViewModel.swift in Sources */,
				94F9BCFF2CFA2B3E00629E78 /* TaskModel.swift in Sources */,
				94E691642CF8C84C008A0E1F /* Task_Manager.xcdatamodeld in Sources */,
				94E6919D2CF8E2C8008A0E1F /* TaskManagerPage.swift in Sources */,
				94F9BD042CFA456200629E78 /* Heplers.swift in Sources */,
				94E691932CF8D881008A0E1F /* LoginPage.swift in Sources */,
				94E6915C2CF8C84C008A0E1F /* SceneDelegate.swift in Sources */,
				94F9BD012CFA3B2300629E78 /* UserModel.swift in Sources */,
				94E691A22CF8E31E008A0E1F /* TaskViewTableViewCell.swift in Sources */,
			);
			runOnlyForDeploymentPostprocessing = 0;
		};
		94E6916B2CF8C84D008A0E1F /* Sources */ = {
			isa = PBXSourcesBuildPhase;
			buildActionMask = 2147483647;
			files = (
				94E691742CF8C84D008A0E1F /* Task_ManagerTests.swift in Sources */,
			);
			runOnlyForDeploymentPostprocessing = 0;
		};
		94E691752CF8C84D008A0E1F /* Sources */ = {
			isa = PBXSourcesBuildPhase;
			buildActionMask = 2147483647;
			files = (
				94E6917E2CF8C84D008A0E1F /* Task_ManagerUITests.swift in Sources */,
				94E691802CF8C84D008A0E1F /* Task_ManagerUITestsLaunchTests.swift in Sources */,
			);
			runOnlyForDeploymentPostprocessing = 0;
		};
/* End PBXSourcesBuildPhase section */

/* Begin PBXTargetDependency section */
		94E691712CF8C84D008A0E1F /* PBXTargetDependency */ = {
			isa = PBXTargetDependency;
			target = 94E691552CF8C84C008A0E1F /* Task Manager */;
			targetProxy = 94E691702CF8C84D008A0E1F /* PBXContainerItemProxy */;
		};
		94E6917B2CF8C84D008A0E1F /* PBXTargetDependency */ = {
			isa = PBXTargetDependency;
			target = 94E691552CF8C84C008A0E1F /* Task Manager */;
			targetProxy = 94E6917A2CF8C84D008A0E1F /* PBXContainerItemProxy */;
		};
/* End PBXTargetDependency section */

/* Begin PBXVariantGroup section */
		94E6915F2CF8C84C008A0E1F /* Main.storyboard */ = {
			isa = PBXVariantGroup;
			children = (
				94E691602CF8C84C008A0E1F /* Base */,
			);
			name = Main.storyboard;
			sourceTree = "<group>";
		};
		94E691672CF8C84D008A0E1F /* LaunchScreen.storyboard */ = {
			isa = PBXVariantGroup;
			children = (
				94E691682CF8C84D008A0E1F /* Base */,
			);
			name = LaunchScreen.storyboard;
			sourceTree = "<group>";
		};
/* End PBXVariantGroup section */

/* Begin XCBuildConfiguration section */
		94E691812CF8C84D008A0E1F /* Debug */ = {
			isa = XCBuildConfiguration;
			buildSettings = {
				ALWAYS_SEARCH_USER_PATHS = NO;
				ASSETCATALOG_COMPILER_GENERATE_SWIFT_ASSET_SYMBOL_EXTENSIONS = YES;
				CLANG_ANALYZER_NONNULL = YES;
				CLANG_ANALYZER_NUMBER_OBJECT_CONVERSION = YES_AGGRESSIVE;
				CLANG_CXX_LANGUAGE_STANDARD = "gnu++20";
				CLANG_ENABLE_MODULES = YES;
				CLANG_ENABLE_OBJC_ARC = YES;
				CLANG_ENABLE_OBJC_WEAK = YES;
				CLANG_WARN_BLOCK_CAPTURE_AUTORELEASING = YES;
				CLANG_WARN_BOOL_CONVERSION = YES;
				CLANG_WARN_COMMA = YES;
				CLANG_WARN_CONSTANT_CONVERSION = YES;
				CLANG_WARN_DEPRECATED_OBJC_IMPLEMENTATIONS = YES;
				CLANG_WARN_DIRECT_OBJC_ISA_USAGE = YES_ERROR;
				CLANG_WARN_DOCUMENTATION_COMMENTS = YES;
				CLANG_WARN_EMPTY_BODY = YES;
				CLANG_WARN_ENUM_CONVERSION = YES;
				CLANG_WARN_INFINITE_RECURSION = YES;
				CLANG_WARN_INT_CONVERSION = YES;
				CLANG_WARN_NON_LITERAL_NULL_CONVERSION = YES;
				CLANG_WARN_OBJC_IMPLICIT_RETAIN_SELF = YES;
				CLANG_WARN_OBJC_LITERAL_CONVERSION = YES;
				CLANG_WARN_OBJC_ROOT_CLASS = YES_ERROR;
				CLANG_WARN_QUOTED_INCLUDE_IN_FRAMEWORK_HEADER = YES;
				CLANG_WARN_RANGE_LOOP_ANALYSIS = YES;
				CLANG_WARN_STRICT_PROTOTYPES = YES;
				CLANG_WARN_SUSPICIOUS_MOVE = YES;
				CLANG_WARN_UNGUARDED_AVAILABILITY = YES_AGGRESSIVE;
				CLANG_WARN_UNREACHABLE_CODE = YES;
				CLANG_WARN__DUPLICATE_METHOD_MATCH = YES;
				COPY_PHASE_STRIP = NO;
				DEBUG_INFORMATION_FORMAT = dwarf;
				ENABLE_STRICT_OBJC_MSGSEND = YES;
				ENABLE_TESTABILITY = YES;
				ENABLE_USER_SCRIPT_SANDBOXING = YES;
				GCC_C_LANGUAGE_STANDARD = gnu17;
				GCC_DYNAMIC_NO_PIC = NO;
				GCC_NO_COMMON_BLOCKS = YES;
				GCC_OPTIMIZATION_LEVEL = 0;
				GCC_PREPROCESSOR_DEFINITIONS = (
					"DEBUG=1",
					"$(inherited)",
				);
				GCC_WARN_64_TO_32_BIT_CONVERSION = YES;
				GCC_WARN_ABOUT_RETURN_TYPE = YES_ERROR;
				GCC_WARN_UNDECLARED_SELECTOR = YES;
				GCC_WARN_UNINITIALIZED_AUTOS = YES_AGGRESSIVE;
				GCC_WARN_UNUSED_FUNCTION = YES;
				GCC_WARN_UNUSED_VARIABLE = YES;
				IPHONEOS_DEPLOYMENT_TARGET = 17.0;
				LOCALIZATION_PREFERS_STRING_CATALOGS = YES;
				MTL_ENABLE_DEBUG_INFO = INCLUDE_SOURCE;
				MTL_FAST_MATH = YES;
				ONLY_ACTIVE_ARCH = YES;
				SDKROOT = iphoneos;
				SWIFT_ACTIVE_COMPILATION_CONDITIONS = "DEBUG $(inherited)";
				SWIFT_OPTIMIZATION_LEVEL = "-Onone";
			};
			name = Debug;
		};
		94E691822CF8C84D008A0E1F /* Release */ = {
			isa = XCBuildConfiguration;
			buildSettings = {
				ALWAYS_SEARCH_USER_PATHS = NO;
				ASSETCATALOG_COMPILER_GENERATE_SWIFT_ASSET_SYMBOL_EXTENSIONS = YES;
				CLANG_ANALYZER_NONNULL = YES;
				CLANG_ANALYZER_NUMBER_OBJECT_CONVERSION = YES_AGGRESSIVE;
				CLANG_CXX_LANGUAGE_STANDARD = "gnu++20";
				CLANG_ENABLE_MODULES = YES;
				CLANG_ENABLE_OBJC_ARC = YES;
				CLANG_ENABLE_OBJC_WEAK = YES;
				CLANG_WARN_BLOCK_CAPTURE_AUTORELEASING = YES;
				CLANG_WARN_BOOL_CONVERSION = YES;
				CLANG_WARN_COMMA = YES;
				CLANG_WARN_CONSTANT_CONVERSION = YES;
				CLANG_WARN_DEPRECATED_OBJC_IMPLEMENTATIONS = YES;
				CLANG_WARN_DIRECT_OBJC_ISA_USAGE = YES_ERROR;
				CLANG_WARN_DOCUMENTATION_COMMENTS = YES;
				CLANG_WARN_EMPTY_BODY = YES;
				CLANG_WARN_ENUM_CONVERSION = YES;
				CLANG_WARN_INFINITE_RECURSION = YES;
				CLANG_WARN_INT_CONVERSION = YES;
				CLANG_WARN_NON_LITERAL_NULL_CONVERSION = YES;
				CLANG_WARN_OBJC_IMPLICIT_RETAIN_SELF = YES;
				CLANG_WARN_OBJC_LITERAL_CONVERSION = YES;
				CLANG_WARN_OBJC_ROOT_CLASS = YES_ERROR;
				CLANG_WARN_QUOTED_INCLUDE_IN_FRAMEWORK_HEADER = YES;
				CLANG_WARN_RANGE_LOOP_ANALYSIS = YES;
				CLANG_WARN_STRICT_PROTOTYPES = YES;
				CLANG_WARN_SUSPICIOUS_MOVE = YES;
				CLANG_WARN_UNGUARDED_AVAILABILITY = YES_AGGRESSIVE;
				CLANG_WARN_UNREACHABLE_CODE = YES;
				CLANG_WARN__DUPLICATE_METHOD_MATCH = YES;
				COPY_PHASE_STRIP = NO;
				DEBUG_INFORMATION_FORMAT = "dwarf-with-dsym";
				ENABLE_NS_ASSERTIONS = NO;
				ENABLE_STRICT_OBJC_MSGSEND = YES;
				ENABLE_USER_SCRIPT_SANDBOXING = YES;
				GCC_C_LANGUAGE_STANDARD = gnu17;
				GCC_NO_COMMON_BLOCKS = YES;
				GCC_WARN_64_TO_32_BIT_CONVERSION = YES;
				GCC_WARN_ABOUT_RETURN_TYPE = YES_ERROR;
				GCC_WARN_UNDECLARED_SELECTOR = YES;
				GCC_WARN_UNINITIALIZED_AUTOS = YES_AGGRESSIVE;
				GCC_WARN_UNUSED_FUNCTION = YES;
				GCC_WARN_UNUSED_VARIABLE = YES;
				IPHONEOS_DEPLOYMENT_TARGET = 17.0;
				LOCALIZATION_PREFERS_STRING_CATALOGS = YES;
				MTL_ENABLE_DEBUG_INFO = NO;
				MTL_FAST_MATH = YES;
				SDKROOT = iphoneos;
				SWIFT_COMPILATION_MODE = wholemodule;
				VALIDATE_PRODUCT = YES;
			};
			name = Release;
		};
		94E691842CF8C84D008A0E1F /* Debug */ = {
			isa = XCBuildConfiguration;
			buildSettings = {
				ASSETCATALOG_COMPILER_APPICON_NAME = AppIcon;
				ASSETCATALOG_COMPILER_GLOBAL_ACCENT_COLOR_NAME = AccentColor;
				CODE_SIGN_STYLE = Automatic;
				CURRENT_PROJECT_VERSION = 1;
				DEVELOPMENT_TEAM = JLAX5343U2;
				GENERATE_INFOPLIST_FILE = YES;
				INFOPLIST_FILE = "Task Manager/Info.plist";
				INFOPLIST_KEY_UIApplicationSupportsIndirectInputEvents = YES;
				INFOPLIST_KEY_UILaunchStoryboardName = LaunchScreen;
				INFOPLIST_KEY_UIMainStoryboardFile = Main;
				INFOPLIST_KEY_UISupportedInterfaceOrientations_iPad = "UIInterfaceOrientationPortrait UIInterfaceOrientationPortraitUpsideDown UIInterfaceOrientationLandscapeLeft UIInterfaceOrientationLandscapeRight";
				INFOPLIST_KEY_UISupportedInterfaceOrientations_iPhone = "UIInterfaceOrientationPortrait UIInterfaceOrientationLandscapeLeft UIInterfaceOrientationLandscapeRight";
				LD_RUNPATH_SEARCH_PATHS = (
					"$(inherited)",
					"@executable_path/Frameworks",
				);
				MARKETING_VERSION = 1.0;
				PRODUCT_BUNDLE_IDENTIFIER = "com.cns.Task-Manager";
				PRODUCT_NAME = "$(TARGET_NAME)";
				SWIFT_EMIT_LOC_STRINGS = YES;
				SWIFT_VERSION = 5.0;
				TARGETED_DEVICE_FAMILY = "1,2";
			};
			name = Debug;
		};
		94E691852CF8C84D008A0E1F /* Release */ = {
			isa = XCBuildConfiguration;
			buildSettings = {
				ASSETCATALOG_COMPILER_APPICON_NAME = AppIcon;
				ASSETCATALOG_COMPILER_GLOBAL_ACCENT_COLOR_NAME = AccentColor;
				CODE_SIGN_STYLE = Automatic;
				CURRENT_PROJECT_VERSION = 1;
				DEVELOPMENT_TEAM = JLAX5343U2;
				GENERATE_INFOPLIST_FILE = YES;
				INFOPLIST_FILE = "Task Manager/Info.plist";
				INFOPLIST_KEY_UIApplicationSupportsIndirectInputEvents = YES;
				INFOPLIST_KEY_UILaunchStoryboardName = LaunchScreen;
				INFOPLIST_KEY_UIMainStoryboardFile = Main;
				INFOPLIST_KEY_UISupportedInterfaceOrientations_iPad = "UIInterfaceOrientationPortrait UIInterfaceOrientationPortraitUpsideDown UIInterfaceOrientationLandscapeLeft UIInterfaceOrientationLandscapeRight";
				INFOPLIST_KEY_UISupportedInterfaceOrientations_iPhone = "UIInterfaceOrientationPortrait UIInterfaceOrientationLandscapeLeft UIInterfaceOrientationLandscapeRight";
				LD_RUNPATH_SEARCH_PATHS = (
					"$(inherited)",
					"@executable_path/Frameworks",
				);
				MARKETING_VERSION = 1.0;
				PRODUCT_BUNDLE_IDENTIFIER = "com.cns.Task-Manager";
				PRODUCT_NAME = "$(TARGET_NAME)";
				SWIFT_EMIT_LOC_STRINGS = YES;
				SWIFT_VERSION = 5.0;
				TARGETED_DEVICE_FAMILY = "1,2";
			};
			name = Release;
		};
		94E691872CF8C84D008A0E1F /* Debug */ = {
			isa = XCBuildConfiguration;
			buildSettings = {
				ALWAYS_EMBED_SWIFT_STANDARD_LIBRARIES = YES;
				BUNDLE_LOADER = "$(TEST_HOST)";
				CODE_SIGN_STYLE = Automatic;
				CURRENT_PROJECT_VERSION = 1;
				DEVELOPMENT_TEAM = JLAX5343U2;
				GENERATE_INFOPLIST_FILE = YES;
				IPHONEOS_DEPLOYMENT_TARGET = 17.0;
				MARKETING_VERSION = 1.0;
				PRODUCT_BUNDLE_IDENTIFIER = "com.cns.Task-ManagerTests";
				PRODUCT_NAME = "$(TARGET_NAME)";
				SWIFT_EMIT_LOC_STRINGS = NO;
				SWIFT_VERSION = 5.0;
				TARGETED_DEVICE_FAMILY = "1,2";
				TEST_HOST = "$(BUILT_PRODUCTS_DIR)/Task Manager.app/$(BUNDLE_EXECUTABLE_FOLDER_PATH)/Task Manager";
			};
			name = Debug;
		};
		94E691882CF8C84D008A0E1F /* Release */ = {
			isa = XCBuildConfiguration;
			buildSettings = {
				ALWAYS_EMBED_SWIFT_STANDARD_LIBRARIES = YES;
				BUNDLE_LOADER = "$(TEST_HOST)";
				CODE_SIGN_STYLE = Automatic;
				CURRENT_PROJECT_VERSION = 1;
				DEVELOPMENT_TEAM = JLAX5343U2;
				GENERATE_INFOPLIST_FILE = YES;
				IPHONEOS_DEPLOYMENT_TARGET = 17.0;
				MARKETING_VERSION = 1.0;
				PRODUCT_BUNDLE_IDENTIFIER = "com.cns.Task-ManagerTests";
				PRODUCT_NAME = "$(TARGET_NAME)";
				SWIFT_EMIT_LOC_STRINGS = NO;
				SWIFT_VERSION = 5.0;
				TARGETED_DEVICE_FAMILY = "1,2";
				TEST_HOST = "$(BUILT_PRODUCTS_DIR)/Task Manager.app/$(BUNDLE_EXECUTABLE_FOLDER_PATH)/Task Manager";
			};
			name = Release;
		};
		94E6918A2CF8C84D008A0E1F /* Debug */ = {
			isa = XCBuildConfiguration;
			buildSettings = {
				ALWAYS_EMBED_SWIFT_STANDARD_LIBRARIES = YES;
				CODE_SIGN_STYLE = Automatic;
				CURRENT_PROJECT_VERSION = 1;
				DEVELOPMENT_TEAM = JLAX5343U2;
				GENERATE_INFOPLIST_FILE = YES;
				MARKETING_VERSION = 1.0;
				PRODUCT_BUNDLE_IDENTIFIER = "com.cns.Task-ManagerUITests";
				PRODUCT_NAME = "$(TARGET_NAME)";
				SWIFT_EMIT_LOC_STRINGS = NO;
				SWIFT_VERSION = 5.0;
				TARGETED_DEVICE_FAMILY = "1,2";
				TEST_TARGET_NAME = "Task Manager";
			};
			name = Debug;
		};
		94E6918B2CF8C84D008A0E1F /* Release */ = {
			isa = XCBuildConfiguration;
			buildSettings = {
				ALWAYS_EMBED_SWIFT_STANDARD_LIBRARIES = YES;
				CODE_SIGN_STYLE = Automatic;
				CURRENT_PROJECT_VERSION = 1;
				DEVELOPMENT_TEAM = JLAX5343U2;
				GENERATE_INFOPLIST_FILE = YES;
				MARKETING_VERSION = 1.0;
				PRODUCT_BUNDLE_IDENTIFIER = "com.cns.Task-ManagerUITests";
				PRODUCT_NAME = "$(TARGET_NAME)";
				SWIFT_EMIT_LOC_STRINGS = NO;
				SWIFT_VERSION = 5.0;
				TARGETED_DEVICE_FAMILY = "1,2";
				TEST_TARGET_NAME = "Task Manager";
			};
			name = Release;
		};
/* End XCBuildConfiguration section */

/* Begin XCConfigurationList section */
		94E691512CF8C84C008A0E1F /* Build configuration list for PBXProject "Task Manager" */ = {
			isa = XCConfigurationList;
			buildConfigurations = (
				94E691812CF8C84D008A0E1F /* Debug */,
				94E691822CF8C84D008A0E1F /* Release */,
			);
			defaultConfigurationIsVisible = 0;
			defaultConfigurationName = Release;
		};
		94E691832CF8C84D008A0E1F /* Build configuration list for PBXNativeTarget "Task Manager" */ = {
			isa = XCConfigurationList;
			buildConfigurations = (
				94E691842CF8C84D008A0E1F /* Debug */,
				94E691852CF8C84D008A0E1F /* Release */,
			);
			defaultConfigurationIsVisible = 0;
			defaultConfigurationName = Release;
		};
		94E691862CF8C84D008A0E1F /* Build configuration list for PBXNativeTarget "Task ManagerTests" */ = {
			isa = XCConfigurationList;
			buildConfigurations = (
				94E691872CF8C84D008A0E1F /* Debug */,
				94E691882CF8C84D008A0E1F /* Release */,
			);
			defaultConfigurationIsVisible = 0;
			defaultConfigurationName = Release;
		};
		94E691892CF8C84D008A0E1F /* Build configuration list for PBXNativeTarget "Task ManagerUITests" */ = {
			isa = XCConfigurationList;
			buildConfigurations = (
				94E6918A2CF8C84D008A0E1F /* Debug */,
				94E6918B2CF8C84D008A0E1F /* Release */,
			);
			defaultConfigurationIsVisible = 0;
			defaultConfigurationName = Release;
		};
/* End XCConfigurationList section */

/* Begin XCRemoteSwiftPackageReference section */
		94E691962CF8DF0A008A0E1F /* XCRemoteSwiftPackageReference "GoogleSignIn-iOS" */ = {
			isa = XCRemoteSwiftPackageReference;
			repositoryURL = "https://github.com/google/GoogleSignIn-iOS";
			requirement = {
				kind = versionRange;
				maximumVersion = 9.0.0;
				minimumVersion = 8.0.0;
			};
		};
/* End XCRemoteSwiftPackageReference section */

/* Begin XCSwiftPackageProductDependency section */
		94E691972CF8DF0A008A0E1F /* GoogleSignIn */ = {
			isa = XCSwiftPackageProductDependency;
			package = 94E691962CF8DF0A008A0E1F /* XCRemoteSwiftPackageReference "GoogleSignIn-iOS" */;
			productName = GoogleSignIn;
		};
		94E691992CF8DF0A008A0E1F /* GoogleSignInSwift */ = {
			isa = XCSwiftPackageProductDependency;
			package = 94E691962CF8DF0A008A0E1F /* XCRemoteSwiftPackageReference "GoogleSignIn-iOS" */;
			productName = GoogleSignInSwift;
		};
/* End XCSwiftPackageProductDependency section */

/* Begin XCVersionGroup section */
		94E691622CF8C84C008A0E1F /* Task_Manager.xcdatamodeld */ = {
			isa = XCVersionGroup;
			children = (
				94E691632CF8C84C008A0E1F /* Task_Manager.xcdatamodel */,
			);
			currentVersion = 94E691632CF8C84C008A0E1F /* Task_Manager.xcdatamodel */;
			path = Task_Manager.xcdatamodeld;
			sourceTree = "<group>";
			versionGroupType = wrapper.xcdatamodel;
		};
/* End XCVersionGroup section */
	};
	rootObject = 94E6914E2CF8C84C008A0E1F /* Project object */;
}
